
Microsoft Visual Studio Solution File, Format Version 12.00
# Visual Studio Version 17
VisualStudioVersion = 17.9.34622.214
MinimumVisualStudioVersion = 10.0.40219.1
Project("{FAE04EC0-301F-11D3-BF4B-00C04F79EFBC}") = "Computing3", "Computing3\Computing3.csproj", "{ADCF5AB2-986D-4952-8267-4555EE2915ED}"
EndProject
Global
	GlobalSection(SolutionConfigurationPlatforms) = preSolution
		Debug|Any CPU = Debug|Any CPU
		Release|Any CPU = Release|Any CPU
	EndGlobalSection
	GlobalSection(ProjectConfigurationPlatforms) = postSolution
		{ADCF5AB2-986D-4952-8267-4555EE2915ED}.Debug|Any CPU.ActiveCfg = Debug|Any CPU
		{ADCF5AB2-986D-4952-8267-4555EE2915ED}.Debug|Any CPU.Build.0 = Debug|Any CPU
		{ADCF5AB2-986D-4952-8267-4555EE2915ED}.Release|Any CPU.ActiveCfg = Release|Any CPU
		{ADCF5AB2-986D-4952-8267-4555EE2915ED}.Release|Any CPU.Build.0 = Release|Any CPU
	EndGlobalSection
	GlobalSection(SolutionProperties) = preSolution
		HideSolutionNode = FALSE
	EndGlobalSection
	GlobalSection(ExtensibilityGlobals) = postSolution
		SolutionGuid = {5E798062-5764-49FB-AF56-9AAE23BEB7B5}
	EndGlobalSection
EndGlobal
